
Microsoft Visual Studio Solution File, Format Version 12.00
# Visual Studio Version 16
VisualStudioVersion = 16.0.29519.181
MinimumVisualStudioVersion = 10.0.40219.1
Project("{FAE04EC0-301F-11D3-BF4B-00C04F79EFBC}") = "ConsoleApp", "ConsoleApp\ConsoleApp.csproj", "{F507E684-559D-45FA-8E2A-904BBFC04923}"
EndProject
Global
	GlobalSection(SolutionConfigurationPlatforms) = preSolution
		Debug|Any CPU = Debug|Any CPU
		Release|Any CPU = Release|Any CPU
	EndGlobalSection
	GlobalSection(ProjectConfigurationPlatforms) = postSolution
		{F507E684-559D-45FA-8E2A-904BBFC04923}.Debug|Any CPU.ActiveCfg = Debug|Any CPU
		{F507E684-559D-45FA-8E2A-904BBFC04923}.Debug|Any CPU.Build.0 = Debug|Any CPU
		{F507E684-559D-45FA-8E2A-904BBFC04923}.Release|Any CPU.ActiveCfg = Release|Any CPU
		{F507E684-559D-45FA-8E2A-904BBFC04923}.Release|Any CPU.Build.0 = Release|Any CPU
	EndGlobalSection
	GlobalSection(SolutionProperties) = preSolution
		HideSolutionNode = FALSE
	EndGlobalSection
	GlobalSection(ExtensibilityGlobals) = postSolution
		SolutionGuid = {58634BBF-1E88-4429-A391-167F73E7912D}
	EndGlobalSection
EndGlobal
